// !$*UTF8*$!
{
	archiveVersion = 1;
	classes = {
	};
	objectVersion = 50;
	objects = {

/* Begin PBXBuildFile section */
		888348D227281EB900C74FD6 /* AppDelegate.swift in Sources */ = {isa = PBXBuildFile; fileRef = 888348D127281EB900C74FD6 /* AppDelegate.swift */; };
		888348D427281EB900C74FD6 /* SceneDelegate.swift in Sources */ = {isa = PBXBuildFile; fileRef = 888348D327281EB900C74FD6 /* SceneDelegate.swift */; };
		888348D627281EB900C74FD6 /* HomeViewController.swift in Sources */ = {isa = PBXBuildFile; fileRef = 888348D527281EB900C74FD6 /* HomeViewController.swift */; };
		888348DB27281EBE00C74FD6 /* Assets.xcassets in Resources */ = {isa = PBXBuildFile; fileRef = 888348DA27281EBE00C74FD6 /* Assets.xcassets */; };
		888348DE27281EBE00C74FD6 /* LaunchScreen.storyboard in Resources */ = {isa = PBXBuildFile; fileRef = 888348DC27281EBE00C74FD6 /* LaunchScreen.storyboard */; };
		888348EC272823FD00C74FD6 /* TabBarViewController.swift in Sources */ = {isa = PBXBuildFile; fileRef = 888348EB272823FD00C74FD6 /* TabBarViewController.swift */; };
		888348EE2728244100C74FD6 /* SearchViewController.swift in Sources */ = {isa = PBXBuildFile; fileRef = 888348ED2728244100C74FD6 /* SearchViewController.swift */; };
		888348F02728245900C74FD6 /* LibraryViewController.swift in Sources */ = {isa = PBXBuildFile; fileRef = 888348EF2728245900C74FD6 /* LibraryViewController.swift */; };
		888348F5272824C400C74FD6 /* AuthViewController.swift in Sources */ = {isa = PBXBuildFile; fileRef = 888348F4272824C400C74FD6 /* AuthViewController.swift */; };
		888348F7272824FB00C74FD6 /* WelcomeViewController.swift in Sources */ = {isa = PBXBuildFile; fileRef = 888348F6272824FB00C74FD6 /* WelcomeViewController.swift */; };
		888348F92728250A00C74FD6 /* SettingsViewController.swift in Sources */ = {isa = PBXBuildFile; fileRef = 888348F82728250A00C74FD6 /* SettingsViewController.swift */; };
		888348FB2728251E00C74FD6 /* ProfileViewController.swift in Sources */ = {isa = PBXBuildFile; fileRef = 888348FA2728251E00C74FD6 /* ProfileViewController.swift */; };
		888348FD2728252900C74FD6 /* PlayerViewController.swift in Sources */ = {isa = PBXBuildFile; fileRef = 888348FC2728252900C74FD6 /* PlayerViewController.swift */; };
		888348FF2728253B00C74FD6 /* PlaylistViewController.swift in Sources */ = {isa = PBXBuildFile; fileRef = 888348FE2728253B00C74FD6 /* PlaylistViewController.swift */; };
		888349012728255700C74FD6 /* SearchResultsViewController.swift in Sources */ = {isa = PBXBuildFile; fileRef = 888349002728255700C74FD6 /* SearchResultsViewController.swift */; };
		88834903272825A300C74FD6 /* AuthManager.swift in Sources */ = {isa = PBXBuildFile; fileRef = 88834902272825A300C74FD6 /* AuthManager.swift */; };
		88834905272825B400C74FD6 /* APICaller.swift in Sources */ = {isa = PBXBuildFile; fileRef = 88834904272825B400C74FD6 /* APICaller.swift */; };
		88834907272825CB00C74FD6 /* HapticsManager.swift in Sources */ = {isa = PBXBuildFile; fileRef = 88834906272825CB00C74FD6 /* HapticsManager.swift */; };
		88834909272825FF00C74FD6 /* Playlist.swift in Sources */ = {isa = PBXBuildFile; fileRef = 88834908272825FF00C74FD6 /* Playlist.swift */; };
		8883490B2728260B00C74FD6 /* AudioTrack.swift in Sources */ = {isa = PBXBuildFile; fileRef = 8883490A2728260B00C74FD6 /* AudioTrack.swift */; };
		8883490D2728261900C74FD6 /* Artist.swift in Sources */ = {isa = PBXBuildFile; fileRef = 8883490C2728261900C74FD6 /* Artist.swift */; };
		8883490F2728262F00C74FD6 /* UserProfile.swift in Sources */ = {isa = PBXBuildFile; fileRef = 8883490E2728262F00C74FD6 /* UserProfile.swift */; };
		888349112729496200C74FD6 /* Extensions.swift in Sources */ = {isa = PBXBuildFile; fileRef = 888349102729496200C74FD6 /* Extensions.swift */; };
/* End PBXBuildFile section */

/* Begin PBXFileReference section */
		888348CE27281EB900C74FD6 /* SpotifyClone.app */ = {isa = PBXFileReference; explicitFileType = wrapper.application; includeInIndex = 0; path = SpotifyClone.app; sourceTree = BUILT_PRODUCTS_DIR; };
		888348D127281EB900C74FD6 /* AppDelegate.swift */ = {isa = PBXFileReference; lastKnownFileType = sourcecode.swift; path = AppDelegate.swift; sourceTree = "<group>"; };
		888348D327281EB900C74FD6 /* SceneDelegate.swift */ = {isa = PBXFileReference; lastKnownFileType = sourcecode.swift; path = SceneDelegate.swift; sourceTree = "<group>"; };
		888348D527281EB900C74FD6 /* HomeViewController.swift */ = {isa = PBXFileReference; lastKnownFileType = sourcecode.swift; path = HomeViewController.swift; sourceTree = "<group>"; };
		888348DA27281EBE00C74FD6 /* Assets.xcassets */ = {isa = PBXFileReference; lastKnownFileType = folder.assetcatalog; path = Assets.xcassets; sourceTree = "<group>"; };
		888348DD27281EBE00C74FD6 /* Base */ = {isa = PBXFileReference; lastKnownFileType = file.storyboard; name = Base; path = Base.lproj/LaunchScreen.storyboard; sourceTree = "<group>"; };
		888348DF27281EBE00C74FD6 /* Info.plist */ = {isa = PBXFileReference; lastKnownFileType = text.plist.xml; path = Info.plist; sourceTree = "<group>"; };
		888348EB272823FD00C74FD6 /* TabBarViewController.swift */ = {isa = PBXFileReference; lastKnownFileType = sourcecode.swift; path = TabBarViewController.swift; sourceTree = "<group>"; };
		888348ED2728244100C74FD6 /* SearchViewController.swift */ = {isa = PBXFileReference; lastKnownFileType = sourcecode.swift; path = SearchViewController.swift; sourceTree = "<group>"; };
		888348EF2728245900C74FD6 /* LibraryViewController.swift */ = {isa = PBXFileReference; lastKnownFileType = sourcecode.swift; path = LibraryViewController.swift; sourceTree = "<group>"; };
		888348F4272824C400C74FD6 /* AuthViewController.swift */ = {isa = PBXFileReference; lastKnownFileType = sourcecode.swift; path = AuthViewController.swift; sourceTree = "<group>"; };
		888348F6272824FB00C74FD6 /* WelcomeViewController.swift */ = {isa = PBXFileReference; lastKnownFileType = sourcecode.swift; path = WelcomeViewController.swift; sourceTree = "<group>"; };
		888348F82728250A00C74FD6 /* SettingsViewController.swift */ = {isa = PBXFileReference; lastKnownFileType = sourcecode.swift; path = SettingsViewController.swift; sourceTree = "<group>"; };
		888348FA2728251E00C74FD6 /* ProfileViewController.swift */ = {isa = PBXFileReference; lastKnownFileType = sourcecode.swift; path = ProfileViewController.swift; sourceTree = "<group>"; };
		888348FC2728252900C74FD6 /* PlayerViewController.swift */ = {isa = PBXFileReference; lastKnownFileType = sourcecode.swift; path = PlayerViewController.swift; sourceTree = "<group>"; };
		888348FE2728253B00C74FD6 /* PlaylistViewController.swift */ = {isa = PBXFileReference; lastKnownFileType = sourcecode.swift; path = PlaylistViewController.swift; sourceTree = "<group>"; };
		888349002728255700C74FD6 /* SearchResultsViewController.swift */ = {isa = PBXFileReference; lastKnownFileType = sourcecode.swift; path = SearchResultsViewController.swift; sourceTree = "<group>"; };
		88834902272825A300C74FD6 /* AuthManager.swift */ = {isa = PBXFileReference; lastKnownFileType = sourcecode.swift; path = AuthManager.swift; sourceTree = "<group>"; };
		88834904272825B400C74FD6 /* APICaller.swift */ = {isa = PBXFileReference; lastKnownFileType = sourcecode.swift; path = APICaller.swift; sourceTree = "<group>"; };
		88834906272825CB00C74FD6 /* HapticsManager.swift */ = {isa = PBXFileReference; lastKnownFileType = sourcecode.swift; path = HapticsManager.swift; sourceTree = "<group>"; };
		88834908272825FF00C74FD6 /* Playlist.swift */ = {isa = PBXFileReference; lastKnownFileType = sourcecode.swift; path = Playlist.swift; sourceTree = "<group>"; };
		8883490A2728260B00C74FD6 /* AudioTrack.swift */ = {isa = PBXFileReference; lastKnownFileType = sourcecode.swift; path = AudioTrack.swift; sourceTree = "<group>"; };
		8883490C2728261900C74FD6 /* Artist.swift */ = {isa = PBXFileReference; lastKnownFileType = sourcecode.swift; path = Artist.swift; sourceTree = "<group>"; };
		8883490E2728262F00C74FD6 /* UserProfile.swift */ = {isa = PBXFileReference; lastKnownFileType = sourcecode.swift; path = UserProfile.swift; sourceTree = "<group>"; };
		888349102729496200C74FD6 /* Extensions.swift */ = {isa = PBXFileReference; lastKnownFileType = sourcecode.swift; path = Extensions.swift; sourceTree = "<group>"; };
/* End PBXFileReference section */

/* Begin PBXFrameworksBuildPhase section */
		888348CB27281EB900C74FD6 /* Frameworks */ = {
			isa = PBXFrameworksBuildPhase;
			buildActionMask = 2147483647;
			files = (
			);
			runOnlyForDeploymentPostprocessing = 0;
		};
/* End PBXFrameworksBuildPhase section */

/* Begin PBXGroup section */
		888348C527281EB800C74FD6 = {
			isa = PBXGroup;
			children = (
				888348D027281EB900C74FD6 /* SpotifyClone */,
				888348CF27281EB900C74FD6 /* Products */,
			);
			sourceTree = "<group>";
		};
		888348CF27281EB900C74FD6 /* Products */ = {
			isa = PBXGroup;
			children = (
				888348CE27281EB900C74FD6 /* SpotifyClone.app */,
			);
			name = Products;
			sourceTree = "<group>";
		};
		888348D027281EB900C74FD6 /* SpotifyClone */ = {
			isa = PBXGroup;
			children = (
				888348E52728200000C74FD6 /* Resources */,
				888348E62728201700C74FD6 /* Managers */,
				888348E72728202C00C74FD6 /* ViewModels */,
				888348E92728205800C74FD6 /* Views */,
				888348E82728204000C74FD6 /* Models */,
				888348EA2728206000C74FD6 /* Controllers */,
				888348DF27281EBE00C74FD6 /* Info.plist */,
			);
			path = SpotifyClone;
			sourceTree = "<group>";
		};
		888348E52728200000C74FD6 /* Resources */ = {
			isa = PBXGroup;
			children = (
				888348DA27281EBE00C74FD6 /* Assets.xcassets */,
				888348D127281EB900C74FD6 /* AppDelegate.swift */,
				888348D327281EB900C74FD6 /* SceneDelegate.swift */,
				888349102729496200C74FD6 /* Extensions.swift */,
			);
			path = Resources;
			sourceTree = "<group>";
		};
		888348E62728201700C74FD6 /* Managers */ = {
			isa = PBXGroup;
			children = (
				88834902272825A300C74FD6 /* AuthManager.swift */,
				88834904272825B400C74FD6 /* APICaller.swift */,
				88834906272825CB00C74FD6 /* HapticsManager.swift */,
			);
			path = Managers;
			sourceTree = "<group>";
		};
		888348E72728202C00C74FD6 /* ViewModels */ = {
			isa = PBXGroup;
			children = (
			);
			path = ViewModels;
			sourceTree = "<group>";
		};
		888348E82728204000C74FD6 /* Models */ = {
			isa = PBXGroup;
			children = (
				88834908272825FF00C74FD6 /* Playlist.swift */,
				8883490A2728260B00C74FD6 /* AudioTrack.swift */,
				8883490C2728261900C74FD6 /* Artist.swift */,
				8883490E2728262F00C74FD6 /* UserProfile.swift */,
			);
			path = Models;
			sourceTree = "<group>";
		};
		888348E92728205800C74FD6 /* Views */ = {
			isa = PBXGroup;
			children = (
				888348DC27281EBE00C74FD6 /* LaunchScreen.storyboard */,
			);
			path = Views;
			sourceTree = "<group>";
		};
		888348EA2728206000C74FD6 /* Controllers */ = {
			isa = PBXGroup;
			children = (
				888348F3272824B800C74FD6 /* Others */,
				888348F12728246E00C74FD6 /* Core */,
			);
			path = Controllers;
			sourceTree = "<group>";
		};
		888348F12728246E00C74FD6 /* Core */ = {
			isa = PBXGroup;
			children = (
				888348D527281EB900C74FD6 /* HomeViewController.swift */,
				888348EB272823FD00C74FD6 /* TabBarViewController.swift */,
				888348ED2728244100C74FD6 /* SearchViewController.swift */,
				888348EF2728245900C74FD6 /* LibraryViewController.swift */,
			);
			path = Core;
			sourceTree = "<group>";
		};
		888348F3272824B800C74FD6 /* Others */ = {
			isa = PBXGroup;
			children = (
				888348F4272824C400C74FD6 /* AuthViewController.swift */,
				888348F6272824FB00C74FD6 /* WelcomeViewController.swift */,
				888348F82728250A00C74FD6 /* SettingsViewController.swift */,
				888348FA2728251E00C74FD6 /* ProfileViewController.swift */,
				888348FC2728252900C74FD6 /* PlayerViewController.swift */,
				888348FE2728253B00C74FD6 /* PlaylistViewController.swift */,
				888349002728255700C74FD6 /* SearchResultsViewController.swift */,
			);
			path = Others;
			sourceTree = "<group>";
		};
/* End PBXGroup section */

/* Begin PBXNativeTarget section */
		888348CD27281EB900C74FD6 /* SpotifyClone */ = {
			isa = PBXNativeTarget;
			buildConfigurationList = 888348E227281EBE00C74FD6 /* Build configuration list for PBXNativeTarget "SpotifyClone" */;
			buildPhases = (
				888348CA27281EB900C74FD6 /* Sources */,
				888348CB27281EB900C74FD6 /* Frameworks */,
				888348CC27281EB900C74FD6 /* Resources */,
			);
			buildRules = (
			);
			dependencies = (
			);
			name = SpotifyClone;
			productName = SpotifyClone;
			productReference = 888348CE27281EB900C74FD6 /* SpotifyClone.app */;
			productType = "com.apple.product-type.application";
		};
/* End PBXNativeTarget section */

/* Begin PBXProject section */
		888348C627281EB800C74FD6 /* Project object */ = {
			isa = PBXProject;
			attributes = {
				LastSwiftUpdateCheck = 1250;
				LastUpgradeCheck = 1250;
				TargetAttributes = {
					888348CD27281EB900C74FD6 = {
						CreatedOnToolsVersion = 12.5.1;
					};
				};
			};
			buildConfigurationList = 888348C927281EB900C74FD6 /* Build configuration list for PBXProject "SpotifyClone" */;
			compatibilityVersion = "Xcode 9.3";
			developmentRegion = en;
			hasScannedForEncodings = 0;
			knownRegions = (
				en,
				Base,
			);
			mainGroup = 888348C527281EB800C74FD6;
			productRefGroup = 888348CF27281EB900C74FD6 /* Products */;
			projectDirPath = "";
			projectRoot = "";
			targets = (
				888348CD27281EB900C74FD6 /* SpotifyClone */,
			);
		};
/* End PBXProject section */

/* Begin PBXResourcesBuildPhase section */
		888348CC27281EB900C74FD6 /* Resources */ = {
			isa = PBXResourcesBuildPhase;
			buildActionMask = 2147483647;
			files = (
				888348DE27281EBE00C74FD6 /* LaunchScreen.storyboard in Resources */,
				888348DB27281EBE00C74FD6 /* Assets.xcassets in Resources */,
			);
			runOnlyForDeploymentPostprocessing = 0;
		};
/* End PBXResourcesBuildPhase section */

/* Begin PBXSourcesBuildPhase section */
		888348CA27281EB900C74FD6 /* Sources */ = {
			isa = PBXSourcesBuildPhase;
			buildActionMask = 2147483647;
			files = (
				888348EE2728244100C74FD6 /* SearchViewController.swift in Sources */,
				88834909272825FF00C74FD6 /* Playlist.swift in Sources */,
				88834903272825A300C74FD6 /* AuthManager.swift in Sources */,
				888349012728255700C74FD6 /* SearchResultsViewController.swift in Sources */,
				888348F7272824FB00C74FD6 /* WelcomeViewController.swift in Sources */,
				888348FB2728251E00C74FD6 /* ProfileViewController.swift in Sources */,
				888348EC272823FD00C74FD6 /* TabBarViewController.swift in Sources */,
				88834907272825CB00C74FD6 /* HapticsManager.swift in Sources */,
				8883490B2728260B00C74FD6 /* AudioTrack.swift in Sources */,
				888348D627281EB900C74FD6 /* HomeViewController.swift in Sources */,
				888348F5272824C400C74FD6 /* AuthViewController.swift in Sources */,
				888348D227281EB900C74FD6 /* AppDelegate.swift in Sources */,
				8883490F2728262F00C74FD6 /* UserProfile.swift in Sources */,
				888349112729496200C74FD6 /* Extensions.swift in Sources */,
				888348F02728245900C74FD6 /* LibraryViewController.swift in Sources */,
				8883490D2728261900C74FD6 /* Artist.swift in Sources */,
				888348FF2728253B00C74FD6 /* PlaylistViewController.swift in Sources */,
				888348D427281EB900C74FD6 /* SceneDelegate.swift in Sources */,
				888348FD2728252900C74FD6 /* PlayerViewController.swift in Sources */,
				88834905272825B400C74FD6 /* APICaller.swift in Sources */,
				888348F92728250A00C74FD6 /* SettingsViewController.swift in Sources */,
			);
			runOnlyForDeploymentPostprocessing = 0;
		};
/* End PBXSourcesBuildPhase section */

/* Begin PBXVariantGroup section */
		888348DC27281EBE00C74FD6 /* LaunchScreen.storyboard */ = {
			isa = PBXVariantGroup;
			children = (
				888348DD27281EBE00C74FD6 /* Base */,
			);
			name = LaunchScreen.storyboard;
			sourceTree = "<group>";
		};
/* End PBXVariantGroup section */

/* Begin XCBuildConfiguration section */
		888348E027281EBE00C74FD6 /* Debug */ = {
			isa = XCBuildConfiguration;
			buildSettings = {
				ALWAYS_SEARCH_USER_PATHS = NO;
				CLANG_ANALYZER_NONNULL = YES;
				CLANG_ANALYZER_NUMBER_OBJECT_CONVERSION = YES_AGGRESSIVE;
				CLANG_CXX_LANGUAGE_STANDARD = "gnu++14";
				CLANG_CXX_LIBRARY = "libc++";
				CLANG_ENABLE_MODULES = YES;
				CLANG_ENABLE_OBJC_ARC = YES;
				CLANG_ENABLE_OBJC_WEAK = YES;
				CLANG_WARN_BLOCK_CAPTURE_AUTORELEASING = YES;
				CLANG_WARN_BOOL_CONVERSION = YES;
				CLANG_WARN_COMMA = YES;
				CLANG_WARN_CONSTANT_CONVERSION = YES;
				CLANG_WARN_DEPRECATED_OBJC_IMPLEMENTATIONS = YES;
				CLANG_WARN_DIRECT_OBJC_ISA_USAGE = YES_ERROR;
				CLANG_WARN_DOCUMENTATION_COMMENTS = YES;
				CLANG_WARN_EMPTY_BODY = YES;
				CLANG_WARN_ENUM_CONVERSION = YES;
				CLANG_WARN_INFINITE_RECURSION = YES;
				CLANG_WARN_INT_CONVERSION = YES;
				CLANG_WARN_NON_LITERAL_NULL_CONVERSION = YES;
				CLANG_WARN_OBJC_IMPLICIT_RETAIN_SELF = YES;
				CLANG_WARN_OBJC_LITERAL_CONVERSION = YES;
				CLANG_WARN_OBJC_ROOT_CLASS = YES_ERROR;
				CLANG_WARN_QUOTED_INCLUDE_IN_FRAMEWORK_HEADER = YES;
				CLANG_WARN_RANGE_LOOP_ANALYSIS = YES;
				CLANG_WARN_STRICT_PROTOTYPES = YES;
				CLANG_WARN_SUSPICIOUS_MOVE = YES;
				CLANG_WARN_UNGUARDED_AVAILABILITY = YES_AGGRESSIVE;
				CLANG_WARN_UNREACHABLE_CODE = YES;
				CLANG_WARN__DUPLICATE_METHOD_MATCH = YES;
				COPY_PHASE_STRIP = NO;
				DEBUG_INFORMATION_FORMAT = dwarf;
				ENABLE_STRICT_OBJC_MSGSEND = YES;
				ENABLE_TESTABILITY = YES;
				GCC_C_LANGUAGE_STANDARD = gnu11;
				GCC_DYNAMIC_NO_PIC = NO;
				GCC_NO_COMMON_BLOCKS = YES;
				GCC_OPTIMIZATION_LEVEL = 0;
				GCC_PREPROCESSOR_DEFINITIONS = (
					"DEBUG=1",
					"$(inherited)",
				);
				GCC_WARN_64_TO_32_BIT_CONVERSION = YES;
				GCC_WARN_ABOUT_RETURN_TYPE = YES_ERROR;
				GCC_WARN_UNDECLARED_SELECTOR = YES;
				GCC_WARN_UNINITIALIZED_AUTOS = YES_AGGRESSIVE;
				GCC_WARN_UNUSED_FUNCTION = YES;
				GCC_WARN_UNUSED_VARIABLE = YES;
				IPHONEOS_DEPLOYMENT_TARGET = 14.5;
				MTL_ENABLE_DEBUG_INFO = INCLUDE_SOURCE;
				MTL_FAST_MATH = YES;
				ONLY_ACTIVE_ARCH = YES;
				SDKROOT = iphoneos;
				SWIFT_ACTIVE_COMPILATION_CONDITIONS = DEBUG;
				SWIFT_OPTIMIZATION_LEVEL = "-Onone";
			};
			name = Debug;
		};
		888348E127281EBE00C74FD6 /* Release */ = {
			isa = XCBuildConfiguration;
			buildSettings = {
				ALWAYS_SEARCH_USER_PATHS = NO;
				CLANG_ANALYZER_NONNULL = YES;
				CLANG_ANALYZER_NUMBER_OBJECT_CONVERSION = YES_AGGRESSIVE;
				CLANG_CXX_LANGUAGE_STANDARD = "gnu++14";
				CLANG_CXX_LIBRARY = "libc++";
				CLANG_ENABLE_MODULES = YES;
				CLANG_ENABLE_OBJC_ARC = YES;
				CLANG_ENABLE_OBJC_WEAK = YES;
				CLANG_WARN_BLOCK_CAPTURE_AUTORELEASING = YES;
				CLANG_WARN_BOOL_CONVERSION = YES;
				CLANG_WARN_COMMA = YES;
				CLANG_WARN_CONSTANT_CONVERSION = YES;
				CLANG_WARN_DEPRECATED_OBJC_IMPLEMENTATIONS = YES;
				CLANG_WARN_DIRECT_OBJC_ISA_USAGE = YES_ERROR;
				CLANG_WARN_DOCUMENTATION_COMMENTS = YES;
				CLANG_WARN_EMPTY_BODY = YES;
				CLANG_WARN_ENUM_CONVERSION = YES;
				CLANG_WARN_INFINITE_RECURSION = YES;
				CLANG_WARN_INT_CONVERSION = YES;
				CLANG_WARN_NON_LITERAL_NULL_CONVERSION = YES;
				CLANG_WARN_OBJC_IMPLICIT_RETAIN_SELF = YES;
				CLANG_WARN_OBJC_LITERAL_CONVERSION = YES;
				CLANG_WARN_OBJC_ROOT_CLASS = YES_ERROR;
				CLANG_WARN_QUOTED_INCLUDE_IN_FRAMEWORK_HEADER = YES;
				CLANG_WARN_RANGE_LOOP_ANALYSIS = YES;
				CLANG_WARN_STRICT_PROTOTYPES = YES;
				CLANG_WARN_SUSPICIOUS_MOVE = YES;
				CLANG_WARN_UNGUARDED_AVAILABILITY = YES_AGGRESSIVE;
				CLANG_WARN_UNREACHABLE_CODE = YES;
				CLANG_WARN__DUPLICATE_METHOD_MATCH = YES;
				COPY_PHASE_STRIP = NO;
				DEBUG_INFORMATION_FORMAT = "dwarf-with-dsym";
				ENABLE_NS_ASSERTIONS = NO;
				ENABLE_STRICT_OBJC_MSGSEND = YES;
				GCC_C_LANGUAGE_STANDARD = gnu11;
				GCC_NO_COMMON_BLOCKS = YES;
				GCC_WARN_64_TO_32_BIT_CONVERSION = YES;
				GCC_WARN_ABOUT_RETURN_TYPE = YES_ERROR;
				GCC_WARN_UNDECLARED_SELECTOR = YES;
				GCC_WARN_UNINITIALIZED_AUTOS = YES_AGGRESSIVE;
				GCC_WARN_UNUSED_FUNCTION = YES;
				GCC_WARN_UNUSED_VARIABLE = YES;
				IPHONEOS_DEPLOYMENT_TARGET = 14.5;
				MTL_ENABLE_DEBUG_INFO = NO;
				MTL_FAST_MATH = YES;
				SDKROOT = iphoneos;
				SWIFT_COMPILATION_MODE = wholemodule;
				SWIFT_OPTIMIZATION_LEVEL = "-O";
				VALIDATE_PRODUCT = YES;
			};
			name = Release;
		};
		888348E327281EBE00C74FD6 /* Debug */ = {
			isa = XCBuildConfiguration;
			buildSettings = {
				ASSETCATALOG_COMPILER_APPICON_NAME = AppIcon;
				ASSETCATALOG_COMPILER_GLOBAL_ACCENT_COLOR_NAME = AccentColor;
				CODE_SIGN_STYLE = Automatic;
				INFOPLIST_FILE = SpotifyClone/Info.plist;
				LD_RUNPATH_SEARCH_PATHS = (
					"$(inherited)",
					"@executable_path/Frameworks",
				);
				PRODUCT_BUNDLE_IDENTIFIER = com.Kody.SpotifyClone;
				PRODUCT_NAME = "$(TARGET_NAME)";
				SWIFT_VERSION = 5.0;
				TARGETED_DEVICE_FAMILY = 1;
			};
			name = Debug;
		};
		888348E427281EBE00C74FD6 /* Release */ = {
			isa = XCBuildConfiguration;
			buildSettings = {
				ASSETCATALOG_COMPILER_APPICON_NAME = AppIcon;
				ASSETCATALOG_COMPILER_GLOBAL_ACCENT_COLOR_NAME = AccentColor;
				CODE_SIGN_STYLE = Automatic;
				INFOPLIST_FILE = SpotifyClone/Info.plist;
				LD_RUNPATH_SEARCH_PATHS = (
					"$(inherited)",
					"@executable_path/Frameworks",
				);
				PRODUCT_BUNDLE_IDENTIFIER = com.Kody.SpotifyClone;
				PRODUCT_NAME = "$(TARGET_NAME)";
				SWIFT_VERSION = 5.0;
				TARGETED_DEVICE_FAMILY = 1;
			};
			name = Release;
		};
/* End XCBuildConfiguration section */

/* Begin XCConfigurationList section */
		888348C927281EB900C74FD6 /* Build configuration list for PBXProject "SpotifyClone" */ = {
			isa = XCConfigurationList;
			buildConfigurations = (
				888348E027281EBE00C74FD6 /* Debug */,
				888348E127281EBE00C74FD6 /* Release */,
			);
			defaultConfigurationIsVisible = 0;
			defaultConfigurationName = Release;
		};
		888348E227281EBE00C74FD6 /* Build configuration list for PBXNativeTarget "SpotifyClone" */ = {
			isa = XCConfigurationList;
			buildConfigurations = (
				888348E327281EBE00C74FD6 /* Debug */,
				888348E427281EBE00C74FD6 /* Release */,
			);
			defaultConfigurationIsVisible = 0;
			defaultConfigurationName = Release;
		};
/* End XCConfigurationList section */
	};
	rootObject = 888348C627281EB800C74FD6 /* Project object */;
}
